{
  "lockfileVersion": 1,
  "dependencies": {
    "array-iterate": {
      "version": "1.1.0",
      "resolved": "https://registry.npmjs.org/array-iterate/-/array-iterate-1.1.0.tgz",
      "integrity": "sha1-TxMUj//6XydWtQRg5erI7tMaFOY="
    },
    "ccount": {
      "version": "1.0.1",
      "resolved": "https://registry.npmjs.org/ccount/-/ccount-1.0.1.tgz",
      "integrity": "sha1-ZlaHlFFowhjsd/9hpBVa4AInqWw="
    },
    "character-entities": {
      "version": "1.2.0",
      "resolved": "https://registry.npmjs.org/character-entities/-/character-entities-1.2.0.tgz",
      "integrity": "sha1-poPiz3Xb6LFxljUxNk5Y4YobFV8="
    },
    "character-entities-html4": {
      "version": "1.1.0",
      "resolved": "https://registry.npmjs.org/character-entities-html4/-/character-entities-html4-1.1.0.tgz",
      "integrity": "sha1-GrCFUdPOH6HfCNAPucod77FHoGw="
    },
    "character-entities-legacy": {
      "version": "1.1.0",
      "resolved": "https://registry.npmjs.org/character-entities-legacy/-/character-entities-legacy-1.1.0.tgz",
      "integrity": "sha1-sYqtmPa3vMZGweTIH58ZVjdqVho="
    },
    "character-reference-invalid": {
      "version": "1.1.0",
      "resolved": "https://registry.npmjs.org/character-reference-invalid/-/character-reference-invalid-1.1.0.tgz",
      "integrity": "sha1-3smtHfufjQa0/NqircPE/ZevHmg="
    },
    "function-bind": {
      "version": "1.1.0",
      "resolved": "https://registry.npmjs.org/function-bind/-/function-bind-1.1.0.tgz",
      "integrity": "sha1-FhdnFMgBeY5Ojyz391KUZ7tKV3E="
    },
    "has": {
      "version": "1.0.1",
      "resolved": "https://registry.npmjs.org/has/-/has-1.0.1.tgz",
      "integrity": "sha1-hGFzP1OLCDfJNh45qauelwTcLyg="
    },
    "inherits": {
      "version": "2.0.3",
      "resolved": "https://registry.npmjs.org/inherits/-/inherits-2.0.3.tgz",
      "integrity": "sha1-Yzwsg+PaQqUC9SRmAiSA9CCCYd4="
    },
    "is-alphabetical": {
      "version": "1.0.0",
      "resolved": "https://registry.npmjs.org/is-alphabetical/-/is-alphabetical-1.0.0.tgz",
      "integrity": "sha1-4lRMEwWCVfIUTLdXBmzTNCocjEY="
    },
    "is-alphanumeric": {
      "version": "1.0.0",
      "resolved": "https://registry.npmjs.org/is-alphanumeric/-/is-alphanumeric-1.0.0.tgz",
      "integrity": "sha1-Spzvcdr0wAHB2B1j0UDPU/1oifQ="
    },
    "is-alphanumerical": {
      "version": "1.0.0",
      "resolved": "https://registry.npmjs.org/is-alphanumerical/-/is-alphanumerical-1.0.0.tgz",
      "integrity": "sha1-4GSS5xnBvxXewjnk8a9fZ7TW578="
    },
    "is-decimal": {
      "version": "1.0.0",
      "resolved": "https://registry.npmjs.org/is-decimal/-/is-decimal-1.0.0.tgz",
      "integrity": "sha1-lAV5tupjxigICmnmK9qIyEcLT+A="
    },
    "is-hexadecimal": {
      "version": "1.0.0",
      "resolved": "https://registry.npmjs.org/is-hexadecimal/-/is-hexadecimal-1.0.0.tgz",
      "integrity": "sha1-XEWXcdKvmi45Ungf1U/LG8/kETw="
    },
    "is-whitespace-character": {
      "version": "1.0.0",
      "resolved": "https://registry.npmjs.org/is-whitespace-character/-/is-whitespace-character-1.0.0.tgz",
      "integrity": "sha1-u/SoN2Tq0NRRvsKlUhjpGWGtwnU="
    },
    "longest-streak": {
      "version": "2.0.1",
      "resolved": "https://registry.npmjs.org/longest-streak/-/longest-streak-2.0.1.tgz",
      "integrity": "sha1-QtKRtUEeQDZcAOYxk0l+IkcxbjU="
    },
    "markdown-escapes": {
      "version": "1.0.0",
      "resolved": "https://registry.npmjs.org/markdown-escapes/-/markdown-escapes-1.0.0.tgz",
      "integrity": "sha1-yMoZ8dlNaCRZ4Kk8htsnp+9xayM="
    },
    "markdown-table": {
      "version": "1.1.0",
      "resolved": "https://registry.npmjs.org/markdown-table/-/markdown-table-1.1.0.tgz",
      "integrity": "sha1-H1rmFlnO2ICNiCVUwy6LPzjdEUM="
    },
    "mdast-util-compact": {
      "version": "1.0.1",
      "resolved": "https://registry.npmjs.org/mdast-util-compact/-/mdast-util-compact-1.0.1.tgz",
      "integrity": "sha1-zbX4TitqLTEU3zO9BdnLMuPECDo="
    },
    "parse-entities": {
      "version": "1.1.1",
      "resolved": "https://registry.npmjs.org/parse-entities/-/parse-entities-1.1.1.tgz",
      "integrity": "sha1-gRLYhHExnyerrk1klksSL+ThuJA="
    },
    "remark-stringify": {
      "version": "3.0.1",
      "resolved": "https://registry.npmjs.org/remark-stringify/-/remark-stringify-3.0.1.tgz",
      "integrity": "sha1-eSQr6+CnUggbWAlRb6DAbt7Aac8="
    },
    "repeat-string": {
      "version": "1.6.1",
      "resolved": "https://registry.npmjs.org/repeat-string/-/repeat-string-1.6.1.tgz",
      "integrity": "sha1-jcrkcOHIirwtYA//Sndihtp15jc="
    },
    "state-toggle": {
      "version": "1.0.0",
      "resolved": "https://registry.npmjs.org/state-toggle/-/state-toggle-1.0.0.tgz",
      "integrity": "sha1-0g+aYWu08MO5i5GSLSW2QKorxCU="
    },
    "stringify-entities": {
      "version": "1.3.1",
      "resolved": "https://registry.npmjs.org/stringify-entities/-/stringify-entities-1.3.1.tgz",
      "integrity": "sha1-sVDsLXKsTBtfMktR+2soyc3/BYw="
    },
    "unherit": {
      "version": "1.1.0",
      "resolved": "https://registry.npmjs.org/unherit/-/unherit-1.1.0.tgz",
      "integrity": "sha1-a5qu379z3xdWrZ4xbdmBiFhAzX0="
    },
    "unist-util-modify-children": {
      "version": "1.1.1",
      "resolved": "https://registry.npmjs.org/unist-util-modify-children/-/unist-util-modify-children-1.1.1.tgz",
      "integrity": "sha1-ZtfmpEnm9nIguXarPLi166w55R0="
    },
    "unist-util-visit": {
      "version": "1.1.3",
      "resolved": "https://registry.npmjs.org/unist-util-visit/-/unist-util-visit-1.1.3.tgz",
      "integrity": "sha1-7CaOcxudJ3p5pbWqBkOZDkBdYAs="
    },
    "xtend": {
      "version": "4.0.1",
      "resolved": "https://registry.npmjs.org/xtend/-/xtend-4.0.1.tgz",
      "integrity": "sha1-pcbVMr5lbiPbgg77lDofBJmNY68="
    }
  }
}
