# THIS IS AN AUTOGENERATED FILE. DO NOT EDIT THIS FILE DIRECTLY.
# yarn lockfile v1
array-iterate@^1.0.0:
  version "1.1.0"
  resolved "https://registry.yarnpkg.com/array-iterate/-/array-iterate-1.1.0.tgz#4f13148ffffa5f2756b50460e5eac8eed31a14e6"
  dependencies:
    has "^1.0.1"

ccount@^1.0.0:
  version "1.0.1"
  resolved "https://registry.yarnpkg.com/ccount/-/ccount-1.0.1.tgz#665687945168c218ec77ff61a4155ae00227a96c"

character-entities-html4@^1.0.0:
  version "1.1.0"
  resolved "https://registry.yarnpkg.com/character-entities-html4/-/character-entities-html4-1.1.0.tgz#1ab08551d3ce1fa1df08d00fb9ca1defb147a06c"

character-entities-legacy@^1.0.0:
  version "1.1.0"
  resolved "https://registry.yarnpkg.com/character-entities-legacy/-/character-entities-legacy-1.1.0.tgz#b18aad98f6b7bcc646c1e4c81f9f1956376a561a"

character-entities@^1.0.0:
  version "1.2.0"
  resolved "https://registry.yarnpkg.com/character-entities/-/character-entities-1.2.0.tgz#a683e2cf75dbe8b171963531364e58e18a1b155f"

character-reference-invalid@^1.0.0:
  version "1.1.0"
  resolved "https://registry.yarnpkg.com/character-reference-invalid/-/character-reference-invalid-1.1.0.tgz#dec9ad1dfb9f8d06b4fcdaa2adc3c4fd97af1e68"

function-bind@^1.0.2:
  version "1.1.0"
  resolved "https://registry.yarnpkg.com/function-bind/-/function-bind-1.1.0.tgz#16176714c801798e4e8f2cf7f7529467bb4a5771"

has@^1.0.1:
  version "1.0.1"
  resolved "https://registry.yarnpkg.com/has/-/has-1.0.1.tgz#8461733f538b0837c9361e39a9ab9e9704dc2f28"
  dependencies:
    function-bind "^1.0.2"

inherits@^2.0.1:
  version "2.0.3"
  resolved "https://registry.yarnpkg.com/inherits/-/inherits-2.0.3.tgz#633c2c83e3da42a502f52466022480f4208261de"

is-alphabetical@^1.0.0:
  version "1.0.0"
  resolved "https://registry.yarnpkg.com/is-alphabetical/-/is-alphabetical-1.0.0.tgz#e2544c13058255f2144cb757066cd3342a1c8c46"

is-alphanumeric@^1.0.0:
  version "1.0.0"
  resolved "https://registry.yarnpkg.com/is-alphanumeric/-/is-alphanumeric-1.0.0.tgz#4a9cef71daf4c001c1d81d63d140cf53fd6889f4"

is-alphanumerical@^1.0.0:
  version "1.0.0"
  resolved "https://registry.yarnpkg.com/is-alphanumerical/-/is-alphanumerical-1.0.0.tgz#e06492e719c1bf15dec239e4f1af5f67b4d6e7bf"
  dependencies:
    is-alphabetical "^1.0.0"
    is-decimal "^1.0.0"

is-decimal@^1.0.0:
  version "1.0.0"
  resolved "https://registry.yarnpkg.com/is-decimal/-/is-decimal-1.0.0.tgz#940579b6ea63c628080a69e62bda88c8470b4fe0"

is-hexadecimal@^1.0.0:
  version "1.0.0"
  resolved "https://registry.yarnpkg.com/is-hexadecimal/-/is-hexadecimal-1.0.0.tgz#5c459771d2af9a2e3952781fd54fcb1bcfe4113c"

is-whitespace-character@^1.0.0:
  version "1.0.0"
  resolved "https://registry.yarnpkg.com/is-whitespace-character/-/is-whitespace-character-1.0.0.tgz#bbf4a83764ead0d451bec2a55218e91961adc275"

longest-streak@^2.0.1:
  version "2.0.1"
  resolved "https://registry.yarnpkg.com/longest-streak/-/longest-streak-2.0.1.tgz#42d291b5411e40365c00e63193497e2247316e35"

markdown-escapes@^1.0.0:
  version "1.0.0"
  resolved "https://registry.yarnpkg.com/markdown-escapes/-/markdown-escapes-1.0.0.tgz#c8ca19f1d94d682459e0a93c86db27a7ef716b23"

markdown-table@^1.1.0:
  version "1.1.0"
  resolved "https://registry.yarnpkg.com/markdown-table/-/markdown-table-1.1.0.tgz#1f5ae61659ced8808d882554c32e8b3f38dd1143"

mdast-util-compact@^1.0.0:
  version "1.0.0"
  resolved "https://registry.yarnpkg.com/mdast-util-compact/-/mdast-util-compact-1.0.0.tgz#4c94dedfe35932d5457f29b650b330fdc73e994a"
  dependencies:
    unist-util-modify-children "^1.0.0"
    unist-util-visit "^1.1.0"

parse-entities@^1.0.2:
  version "1.1.0"
  resolved "https://registry.yarnpkg.com/parse-entities/-/parse-entities-1.1.0.tgz#4bc58f35fdc8e65dded35a12f2e40223ca24a3f7"
  dependencies:
    character-entities "^1.0.0"
    character-entities-legacy "^1.0.0"
    character-reference-invalid "^1.0.0"
    has "^1.0.1"
    is-alphanumerical "^1.0.0"
    is-decimal "^1.0.0"
    is-hexadecimal "^1.0.0"

remark-stringify@^3.0.1:
  version "3.0.1"
  resolved "https://registry.yarnpkg.com/remark-stringify/-/remark-stringify-3.0.1.tgz#79242bebe0a752081b5809516fa0c06edec069cf"
  dependencies:
    ccount "^1.0.0"
    is-alphanumeric "^1.0.0"
    is-decimal "^1.0.0"
    is-whitespace-character "^1.0.0"
    longest-streak "^2.0.1"
    markdown-escapes "^1.0.0"
    markdown-table "^1.1.0"
    mdast-util-compact "^1.0.0"
    parse-entities "^1.0.2"
    repeat-string "^1.5.4"
    state-toggle "^1.0.0"
    stringify-entities "^1.0.1"
    unherit "^1.0.4"
    xtend "^4.0.1"

repeat-string@^1.5.4:
  version "1.6.1"
  resolved "https://registry.yarnpkg.com/repeat-string/-/repeat-string-1.6.1.tgz#8dcae470e1c88abc2d600fff4a776286da75e637"

state-toggle@^1.0.0:
  version "1.0.0"
  resolved "https://registry.yarnpkg.com/state-toggle/-/state-toggle-1.0.0.tgz#d20f9a616bb4f0c3b98b91922d25b640aa2bc425"

stringify-entities@^1.0.1:
  version "1.3.0"
  resolved "https://registry.yarnpkg.com/stringify-entities/-/stringify-entities-1.3.0.tgz#2244a516c4f1e8e01b73dad01023016776abd917"
  dependencies:
    character-entities-html4 "^1.0.0"
    character-entities-legacy "^1.0.0"
    has "^1.0.1"
    is-alphanumerical "^1.0.0"
    is-hexadecimal "^1.0.0"

unherit@^1.0.4:
  version "1.1.0"
  resolved "https://registry.yarnpkg.com/unherit/-/unherit-1.1.0.tgz#6b9aaedfbf73df1756ad9e316dd981885840cd7d"
  dependencies:
    inherits "^2.0.1"
    xtend "^4.0.1"

unist-util-modify-children@^1.0.0:
  version "1.1.0"
  resolved "https://registry.yarnpkg.com/unist-util-modify-children/-/unist-util-modify-children-1.1.0.tgz#559203ae85d7a76283277be1abfbaf595a177ead"
  dependencies:
    array-iterate "^1.0.0"

unist-util-visit@^1.1.0:
  version "1.1.1"
  resolved "https://registry.yarnpkg.com/unist-util-visit/-/unist-util-visit-1.1.1.tgz#e917a3b137658b335cb4420c7da2e74d928e4e94"

xtend@^4.0.1:
  version "4.0.1"
  resolved "https://registry.yarnpkg.com/xtend/-/xtend-4.0.1.tgz#a5c6d532be656e23db820efb943a1f04998d63af"

