# THIS IS AN AUTOGENERATED FILE. DO NOT EDIT THIS FILE DIRECTLY.
# yarn lockfile v1


clone@^2.1.1:
  version "2.1.1"
  resolved "https://registry.yarnpkg.com/clone/-/clone-2.1.1.tgz#d217d1e961118e3ac9a4b8bba3285553bf647cdb"

unist-util-visit@^1.1.1:
  version "1.1.1"
  resolved "https://registry.yarnpkg.com/unist-util-visit/-/unist-util-visit-1.1.1.tgz#e917a3b137658b335cb4420c7da2e74d928e4e94"
